
Microsoft Visual Studio Solution File, Format Version 12.00
# Visual Studio Version 17
VisualStudioVersion = 17.3.32804.467
MinimumVisualStudioVersion = 10.0.40219.1
Project("{FAE04EC0-301F-11D3-BF4B-00C04F79EFBC}") = "Temperatura-humedad-arduino", "Temperatura-humedad-arduino\Temperatura-humedad-arduino.csproj", "{DCAA5139-584C-4DA6-9D9B-83412FFAC5D4}"
EndProject
Global
	GlobalSection(SolutionConfigurationPlatforms) = preSolution
		Debug|Any CPU = Debug|Any CPU
		Release|Any CPU = Release|Any CPU
	EndGlobalSection
	GlobalSection(ProjectConfigurationPlatforms) = postSolution
		{DCAA5139-584C-4DA6-9D9B-83412FFAC5D4}.Debug|Any CPU.ActiveCfg = Debug|Any CPU
		{DCAA5139-584C-4DA6-9D9B-83412FFAC5D4}.Debug|Any CPU.Build.0 = Debug|Any CPU
		{DCAA5139-584C-4DA6-9D9B-83412FFAC5D4}.Release|Any CPU.ActiveCfg = Release|Any CPU
		{DCAA5139-584C-4DA6-9D9B-83412FFAC5D4}.Release|Any CPU.Build.0 = Release|Any CPU
	EndGlobalSection
	GlobalSection(SolutionProperties) = preSolution
		HideSolutionNode = FALSE
	EndGlobalSection
	GlobalSection(ExtensibilityGlobals) = postSolution
		SolutionGuid = {FB4EFF1B-214B-4C8B-8DD0-D7036BCA0D1D}
	EndGlobalSection
EndGlobal
